// !$*UTF8*$!
{
	archiveVersion = 1;
	classes = {
	};
	objectVersion = 70;
	objects = {

/* Begin PBXBuildFile section */
		0708F2362BF62C0400A508E8 /* HelpView.swift in Sources */ = {isa = PBXBuildFile; fileRef = 0708F2352BF62C0400A508E8 /* HelpView.swift */; };
		0708F2382BF6668500A508E8 /* ActiveSheet.swift in Sources */ = {isa = PBXBuildFile; fileRef = 0708F2372BF6668500A508E8 /* ActiveSheet.swift */; };
		0708F2422BF7F0E700A508E8 /* LayoutInfoView.swift in Sources */ = {isa = PBXBuildFile; fileRef = 0708F2412BF7F0E700A508E8 /* LayoutInfoView.swift */; };
		0708F2442BF7F35400A508E8 /* KeyboardLayoutInfo.swift in Sources */ = {isa = PBXBuildFile; fileRef = 0708F2432BF7F35400A508E8 /* KeyboardLayoutInfo.swift */; };
		071361B42BF3C44800526B47 /* CarouselPicker.swift in Sources */ = {isa = PBXBuildFile; fileRef = 071361B32BF3C44800526B47 /* CarouselPicker.swift */; };
		071361B62BF3F20700526B47 /* ColorExtensions.swift in Sources */ = {isa = PBXBuildFile; fileRef = 071361B52BF3F20700526B47 /* ColorExtensions.swift */; };
		075D54312BF27B4900386B86 /* KeylappApp.swift in Sources */ = {isa = PBXBuildFile; fileRef = 075D54302BF27B4900386B86 /* KeylappApp.swift */; };
		075D54332BF27B4900386B86 /* ContentView.swift in Sources */ = {isa = PBXBuildFile; fileRef = 075D54322BF27B4900386B86 /* ContentView.swift */; };
		075D54352BF27B4D00386B86 /* Assets.xcassets in Resources */ = {isa = PBXBuildFile; fileRef = 075D54342BF27B4D00386B86 /* Assets.xcassets */; };
		075D54382BF27B4D00386B86 /* Preview Assets.xcassets in Resources */ = {isa = PBXBuildFile; fileRef = 075D54372BF27B4D00386B86 /* Preview Assets.xcassets */; };
		075D54422BF27B4D00386B86 /* KeylappTests.swift in Sources */ = {isa = PBXBuildFile; fileRef = 075D54412BF27B4D00386B86 /* KeylappTests.swift */; };
		075D544C2BF27B4D00386B86 /* KeylappUITests.swift in Sources */ = {isa = PBXBuildFile; fileRef = 075D544B2BF27B4D00386B86 /* KeylappUITests.swift */; };
		075D544E2BF27B4D00386B86 /* KeylappUITestsLaunchTests.swift in Sources */ = {isa = PBXBuildFile; fileRef = 075D544D2BF27B4D00386B86 /* KeylappUITestsLaunchTests.swift */; };
		075D545B2BF27E9B00386B86 /* WelcomeView.swift in Sources */ = {isa = PBXBuildFile; fileRef = 075D545A2BF27E9B00386B86 /* WelcomeView.swift */; };
		075D545D2BF2815000386B86 /* MainView.swift in Sources */ = {isa = PBXBuildFile; fileRef = 075D545C2BF2815000386B86 /* MainView.swift */; };
		075D545F2BF28EB400386B86 /* KeyboardLayout.swift in Sources */ = {isa = PBXBuildFile; fileRef = 075D545E2BF28EB400386B86 /* KeyboardLayout.swift */; };
		075D54612BF28EF700386B86 /* LayoutDataManager.swift in Sources */ = {isa = PBXBuildFile; fileRef = 075D54602BF28EF700386B86 /* LayoutDataManager.swift */; };
		075D54672BF2916000386B86 /* KeyboardGridView.swift in Sources */ = {isa = PBXBuildFile; fileRef = 075D54662BF2916000386B86 /* KeyboardGridView.swift */; };
		075D54692BF2982F00386B86 /* AppDelegate.swift in Sources */ = {isa = PBXBuildFile; fileRef = 075D54682BF2982F00386B86 /* AppDelegate.swift */; };
		075D546B2BF2985500386B86 /* SceneDelegate.swift in Sources */ = {isa = PBXBuildFile; fileRef = 075D546A2BF2985500386B86 /* SceneDelegate.swift */; };
		075D546D2BF2A4B800386B86 /* KeyboardLayoutData.swift in Sources */ = {isa = PBXBuildFile; fileRef = 075D546C2BF2A4B800386B86 /* KeyboardLayoutData.swift */; };
		075D546F2BF2A66400386B86 /* KeyboardLayoutView.swift in Sources */ = {isa = PBXBuildFile; fileRef = 075D546E2BF2A66400386B86 /* KeyboardLayoutView.swift */; };
		075D54712BF2AC5800386B86 /* ViewRouter.swift in Sources */ = {isa = PBXBuildFile; fileRef = 075D54702BF2AC5800386B86 /* ViewRouter.swift */; };
		076EF6F12BF2B9D3003C62B0 /* UIViewController.swift in Sources */ = {isa = PBXBuildFile; fileRef = 076EF6F02BF2B9D3003C62B0 /* UIViewController.swift */; };
		076EF6F32BF2BBB1003C62B0 /* OrientationViewController.swift in Sources */ = {isa = PBXBuildFile; fileRef = 076EF6F22BF2BBB1003C62B0 /* OrientationViewController.swift */; };
		07B845572BF55F4E0097A74C /* SoundManager.swift in Sources */ = {isa = PBXBuildFile; fileRef = 07B845562BF55F4E0097A74C /* SoundManager.swift */; };
		8483576E2DC16A79009E604E /* KeyboardStats.json in Resources */ = {isa = PBXBuildFile; fileRef = 8483576D2DC16A72009E604E /* KeyboardStats.json */; };
/* End PBXBuildFile section */

/* Begin PBXContainerItemProxy section */
		075D543E2BF27B4D00386B86 /* PBXContainerItemProxy */ = {
			isa = PBXContainerItemProxy;
			containerPortal = 075D54252BF27B4900386B86 /* Project object */;
			proxyType = 1;
			remoteGlobalIDString = 075D542C2BF27B4900386B86;
			remoteInfo = Keylapp;
		};
		075D54482BF27B4D00386B86 /* PBXContainerItemProxy */ = {
			isa = PBXContainerItemProxy;
			containerPortal = 075D54252BF27B4900386B86 /* Project object */;
			proxyType = 1;
			remoteGlobalIDString = 075D542C2BF27B4900386B86;
			remoteInfo = Keylapp;
		};
/* End PBXContainerItemProxy section */

/* Begin PBXFileReference section */
		0708F2352BF62C0400A508E8 /* HelpView.swift */ = {isa = PBXFileReference; lastKnownFileType = sourcecode.swift; path = HelpView.swift; sourceTree = "<group>"; };
		0708F2372BF6668500A508E8 /* ActiveSheet.swift */ = {isa = PBXFileReference; lastKnownFileType = sourcecode.swift; path = ActiveSheet.swift; sourceTree = "<group>"; };
		0708F2412BF7F0E700A508E8 /* LayoutInfoView.swift */ = {isa = PBXFileReference; lastKnownFileType = sourcecode.swift; path = LayoutInfoView.swift; sourceTree = "<group>"; };
		0708F2432BF7F35400A508E8 /* KeyboardLayoutInfo.swift */ = {isa = PBXFileReference; lastKnownFileType = sourcecode.swift; path = KeyboardLayoutInfo.swift; sourceTree = "<group>"; };
		071361B32BF3C44800526B47 /* CarouselPicker.swift */ = {isa = PBXFileReference; lastKnownFileType = sourcecode.swift; path = CarouselPicker.swift; sourceTree = "<group>"; };
		071361B52BF3F20700526B47 /* ColorExtensions.swift */ = {isa = PBXFileReference; lastKnownFileType = sourcecode.swift; path = ColorExtensions.swift; sourceTree = "<group>"; };
		075D542D2BF27B4900386B86 /* Keylapp.app */ = {isa = PBXFileReference; explicitFileType = wrapper.application; includeInIndex = 0; path = Keylapp.app; sourceTree = BUILT_PRODUCTS_DIR; };
		075D54302BF27B4900386B86 /* KeylappApp.swift */ = {isa = PBXFileReference; lastKnownFileType = sourcecode.swift; path = KeylappApp.swift; sourceTree = "<group>"; };
		075D54322BF27B4900386B86 /* ContentView.swift */ = {isa = PBXFileReference; lastKnownFileType = sourcecode.swift; path = ContentView.swift; sourceTree = "<group>"; };
		075D54342BF27B4D00386B86 /* Assets.xcassets */ = {isa = PBXFileReference; lastKnownFileType = folder.assetcatalog; path = Assets.xcassets; sourceTree = "<group>"; };
		075D54372BF27B4D00386B86 /* Preview Assets.xcassets */ = {isa = PBXFileReference; lastKnownFileType = folder.assetcatalog; path = "Preview Assets.xcassets"; sourceTree = "<group>"; };
		075D543D2BF27B4D00386B86 /* KeylappTests.xctest */ = {isa = PBXFileReference; explicitFileType = wrapper.cfbundle; includeInIndex = 0; path = KeylappTests.xctest; sourceTree = BUILT_PRODUCTS_DIR; };
		075D54412BF27B4D00386B86 /* KeylappTests.swift */ = {isa = PBXFileReference; lastKnownFileType = sourcecode.swift; path = KeylappTests.swift; sourceTree = "<group>"; };
		075D54472BF27B4D00386B86 /* KeylappUITests.xctest */ = {isa = PBXFileReference; explicitFileType = wrapper.cfbundle; includeInIndex = 0; path = KeylappUITests.xctest; sourceTree = BUILT_PRODUCTS_DIR; };
		075D544B2BF27B4D00386B86 /* KeylappUITests.swift */ = {isa = PBXFileReference; lastKnownFileType = sourcecode.swift; path = KeylappUITests.swift; sourceTree = "<group>"; };
		075D544D2BF27B4D00386B86 /* KeylappUITestsLaunchTests.swift */ = {isa = PBXFileReference; lastKnownFileType = sourcecode.swift; path = KeylappUITestsLaunchTests.swift; sourceTree = "<group>"; };
		075D545A2BF27E9B00386B86 /* WelcomeView.swift */ = {isa = PBXFileReference; lastKnownFileType = sourcecode.swift; path = WelcomeView.swift; sourceTree = "<group>"; };
		075D545C2BF2815000386B86 /* MainView.swift */ = {isa = PBXFileReference; lastKnownFileType = sourcecode.swift; path = MainView.swift; sourceTree = "<group>"; };
		075D545E2BF28EB400386B86 /* KeyboardLayout.swift */ = {isa = PBXFileReference; lastKnownFileType = sourcecode.swift; path = KeyboardLayout.swift; sourceTree = "<group>"; };
		075D54602BF28EF700386B86 /* LayoutDataManager.swift */ = {isa = PBXFileReference; lastKnownFileType = sourcecode.swift; path = LayoutDataManager.swift; sourceTree = "<group>"; };
		075D54662BF2916000386B86 /* KeyboardGridView.swift */ = {isa = PBXFileReference; lastKnownFileType = sourcecode.swift; path = KeyboardGridView.swift; sourceTree = "<group>"; };
		075D54682BF2982F00386B86 /* AppDelegate.swift */ = {isa = PBXFileReference; lastKnownFileType = sourcecode.swift; path = AppDelegate.swift; sourceTree = "<group>"; };
		075D546A2BF2985500386B86 /* SceneDelegate.swift */ = {isa = PBXFileReference; lastKnownFileType = sourcecode.swift; path = SceneDelegate.swift; sourceTree = "<group>"; };
		075D546C2BF2A4B800386B86 /* KeyboardLayoutData.swift */ = {isa = PBXFileReference; lastKnownFileType = sourcecode.swift; path = KeyboardLayoutData.swift; sourceTree = "<group>"; };
		075D546E2BF2A66400386B86 /* KeyboardLayoutView.swift */ = {isa = PBXFileReference; lastKnownFileType = sourcecode.swift; path = KeyboardLayoutView.swift; sourceTree = "<group>"; };
		075D54702BF2AC5800386B86 /* ViewRouter.swift */ = {isa = PBXFileReference; lastKnownFileType = sourcecode.swift; path = ViewRouter.swift; sourceTree = "<group>"; };
		076EF6F02BF2B9D3003C62B0 /* UIViewController.swift */ = {isa = PBXFileReference; lastKnownFileType = sourcecode.swift; path = UIViewController.swift; sourceTree = "<group>"; };
		076EF6F22BF2BBB1003C62B0 /* OrientationViewController.swift */ = {isa = PBXFileReference; lastKnownFileType = sourcecode.swift; path = OrientationViewController.swift; sourceTree = "<group>"; };
		07B845562BF55F4E0097A74C /* SoundManager.swift */ = {isa = PBXFileReference; lastKnownFileType = sourcecode.swift; path = SoundManager.swift; sourceTree = "<group>"; };
		8483576D2DC16A72009E604E /* KeyboardStats.json */ = {isa = PBXFileReference; lastKnownFileType = text.json; path = KeyboardStats.json; sourceTree = "<group>"; };
/* End PBXFileReference section */

/* Begin PBXFileSystemSynchronizedRootGroup section */
		0774FBA62DC1FE68003E4603 /* Extensions */ = {isa = PBXFileSystemSynchronizedRootGroup; explicitFileTypes = {}; explicitFolders = (); path = Extensions; sourceTree = "<group>"; };
		0774FC212DC217E4003E4603 /* Support */ = {isa = PBXFileSystemSynchronizedRootGroup; explicitFileTypes = {}; explicitFolders = (); path = Support; sourceTree = "<group>"; };
		848357632DC15C33009E604E /* RadarChart */ = {isa = PBXFileSystemSynchronizedRootGroup; explicitFileTypes = {}; explicitFolders = (); path = RadarChart; sourceTree = "<group>"; };
		848357712DC16AC7009E604E /* RadarChartData */ = {isa = PBXFileSystemSynchronizedRootGroup; explicitFileTypes = {}; explicitFolders = (); path = RadarChartData; sourceTree = "<group>"; };
/* End PBXFileSystemSynchronizedRootGroup section */

/* Begin PBXFrameworksBuildPhase section */
		075D542A2BF27B4900386B86 /* Frameworks */ = {
			isa = PBXFrameworksBuildPhase;
			buildActionMask = 2147483647;
			files = (
			);
			runOnlyForDeploymentPostprocessing = 0;
		};
		075D543A2BF27B4D00386B86 /* Frameworks */ = {
			isa = PBXFrameworksBuildPhase;
			buildActionMask = 2147483647;
			files = (
			);
			runOnlyForDeploymentPostprocessing = 0;
		};
		075D54442BF27B4D00386B86 /* Frameworks */ = {
			isa = PBXFrameworksBuildPhase;
			buildActionMask = 2147483647;
			files = (
			);
			runOnlyForDeploymentPostprocessing = 0;
		};
/* End PBXFrameworksBuildPhase section */

/* Begin PBXGroup section */
		075D54242BF27B4900386B86 = {
			isa = PBXGroup;
			children = (
				075D542F2BF27B4900386B86 /* Keylapp */,
				075D54402BF27B4D00386B86 /* KeylappTests */,
				075D544A2BF27B4D00386B86 /* KeylappUITests */,
				075D542E2BF27B4900386B86 /* Products */,
			);
			sourceTree = "<group>";
		};
		075D542E2BF27B4900386B86 /* Products */ = {
			isa = PBXGroup;
			children = (
				075D542D2BF27B4900386B86 /* Keylapp.app */,
				075D543D2BF27B4D00386B86 /* KeylappTests.xctest */,
				075D54472BF27B4D00386B86 /* KeylappUITests.xctest */,
			);
			name = Products;
			sourceTree = "<group>";
		};
		075D542F2BF27B4900386B86 /* Keylapp */ = {
			isa = PBXGroup;
			children = (
				8483576D2DC16A72009E604E /* KeyboardStats.json */,
				075D54652BF28FA800386B86 /* AppEntry */,
				075D54642BF28F7500386B86 /* View Files */,
				075D54622BF28F2400386B86 /* Model Files */,
				075D54342BF27B4D00386B86 /* Assets.xcassets */,
				075D54362BF27B4D00386B86 /* Preview Content */,
			);
			path = Keylapp;
			sourceTree = "<group>";
		};
		075D54362BF27B4D00386B86 /* Preview Content */ = {
			isa = PBXGroup;
			children = (
				075D54372BF27B4D00386B86 /* Preview Assets.xcassets */,
			);
			path = "Preview Content";
			sourceTree = "<group>";
		};
		075D54402BF27B4D00386B86 /* KeylappTests */ = {
			isa = PBXGroup;
			children = (
				075D54412BF27B4D00386B86 /* KeylappTests.swift */,
			);
			path = KeylappTests;
			sourceTree = "<group>";
		};
		075D544A2BF27B4D00386B86 /* KeylappUITests */ = {
			isa = PBXGroup;
			children = (
				075D544B2BF27B4D00386B86 /* KeylappUITests.swift */,
				075D544D2BF27B4D00386B86 /* KeylappUITestsLaunchTests.swift */,
			);
			path = KeylappUITests;
			sourceTree = "<group>";
		};
		075D54622BF28F2400386B86 /* Model Files */ = {
			isa = PBXGroup;
			children = (
				848357712DC16AC7009E604E /* RadarChartData */,
				075D54682BF2982F00386B86 /* AppDelegate.swift */,
				075D545E2BF28EB400386B86 /* KeyboardLayout.swift */,
				075D546C2BF2A4B800386B86 /* KeyboardLayoutData.swift */,
				071361B52BF3F20700526B47 /* ColorExtensions.swift */,
				075D54602BF28EF700386B86 /* LayoutDataManager.swift */,
				07B845562BF55F4E0097A74C /* SoundManager.swift */,
				0708F2432BF7F35400A508E8 /* KeyboardLayoutInfo.swift */,
			);
			name = "Model Files";
			sourceTree = "<group>";
		};
		075D54642BF28F7500386B86 /* View Files */ = {
			isa = PBXGroup;
			children = (
				0774FC212DC217E4003E4603 /* Support */,
				0774FBA62DC1FE68003E4603 /* Extensions */,
				848357632DC15C33009E604E /* RadarChart */,
				075D54322BF27B4900386B86 /* ContentView.swift */,
				0708F2352BF62C0400A508E8 /* HelpView.swift */,
				075D54662BF2916000386B86 /* KeyboardGridView.swift */,
				075D546E2BF2A66400386B86 /* KeyboardLayoutView.swift */,
				075D545C2BF2815000386B86 /* MainView.swift */,
				075D546A2BF2985500386B86 /* SceneDelegate.swift */,
				075D54702BF2AC5800386B86 /* ViewRouter.swift */,
				075D545A2BF27E9B00386B86 /* WelcomeView.swift */,
				076EF6F02BF2B9D3003C62B0 /* UIViewController.swift */,
				076EF6F22BF2BBB1003C62B0 /* OrientationViewController.swift */,
				071361B32BF3C44800526B47 /* CarouselPicker.swift */,
				0708F2372BF6668500A508E8 /* ActiveSheet.swift */,
				0708F2412BF7F0E700A508E8 /* LayoutInfoView.swift */,
			);
			name = "View Files";
			sourceTree = "<group>";
		};
		075D54652BF28FA800386B86 /* AppEntry */ = {
			isa = PBXGroup;
			children = (
				075D54302BF27B4900386B86 /* KeylappApp.swift */,
			);
			path = AppEntry;
			sourceTree = "<group>";
		};
/* End PBXGroup section */

/* Begin PBXNativeTarget section */
		075D542C2BF27B4900386B86 /* Keylapp */ = {
			isa = PBXNativeTarget;
			buildConfigurationList = 075D54512BF27B4D00386B86 /* Build configuration list for PBXNativeTarget "Keylapp" */;
			buildPhases = (
				075D54292BF27B4900386B86 /* Sources */,
				075D542A2BF27B4900386B86 /* Frameworks */,
				075D542B2BF27B4900386B86 /* Resources */,
			);
			buildRules = (
			);
			dependencies = (
			);
			fileSystemSynchronizedGroups = (
				0774FBA62DC1FE68003E4603 /* Extensions */,
				0774FC212DC217E4003E4603 /* Support */,
				848357632DC15C33009E604E /* RadarChart */,
				848357712DC16AC7009E604E /* RadarChartData */,
			);
			name = Keylapp;
			productName = Keylapp;
			productReference = 075D542D2BF27B4900386B86 /* Keylapp.app */;
			productType = "com.apple.product-type.application";
		};
		075D543C2BF27B4D00386B86 /* KeylappTests */ = {
			isa = PBXNativeTarget;
			buildConfigurationList = 075D54542BF27B4D00386B86 /* Build configuration list for PBXNativeTarget "KeylappTests" */;
			buildPhases = (
				075D54392BF27B4D00386B86 /* Sources */,
				075D543A2BF27B4D00386B86 /* Frameworks */,
				075D543B2BF27B4D00386B86 /* Resources */,
			);
			buildRules = (
			);
			dependencies = (
				075D543F2BF27B4D00386B86 /* PBXTargetDependency */,
			);
			name = KeylappTests;
			productName = KeylappTests;
			productReference = 075D543D2BF27B4D00386B86 /* KeylappTests.xctest */;
			productType = "com.apple.product-type.bundle.unit-test";
		};
		075D54462BF27B4D00386B86 /* KeylappUITests */ = {
			isa = PBXNativeTarget;
			buildConfigurationList = 075D54572BF27B4D00386B86 /* Build configuration list for PBXNativeTarget "KeylappUITests" */;
			buildPhases = (
				075D54432BF27B4D00386B86 /* Sources */,
				075D54442BF27B4D00386B86 /* Frameworks */,
				075D54452BF27B4D00386B86 /* Resources */,
			);
			buildRules = (
			);
			dependencies = (
				075D54492BF27B4D00386B86 /* PBXTargetDependency */,
			);
			name = KeylappUITests;
			productName = KeylappUITests;
			productReference = 075D54472BF27B4D00386B86 /* KeylappUITests.xctest */;
			productType = "com.apple.product-type.bundle.ui-testing";
		};
/* End PBXNativeTarget section */

/* Begin PBXProject section */
		075D54252BF27B4900386B86 /* Project object */ = {
			isa = PBXProject;
			attributes = {
				BuildIndependentTargetsInParallel = 1;
				LastSwiftUpdateCheck = 1500;
				LastUpgradeCheck = 1620;
				TargetAttributes = {
					075D542C2BF27B4900386B86 = {
						CreatedOnToolsVersion = 15.0.1;
					};
					075D543C2BF27B4D00386B86 = {
						CreatedOnToolsVersion = 15.0.1;
						TestTargetID = 075D542C2BF27B4900386B86;
					};
					075D54462BF27B4D00386B86 = {
						CreatedOnToolsVersion = 15.0.1;
						TestTargetID = 075D542C2BF27B4900386B86;
					};
				};
			};
			buildConfigurationList = 075D54282BF27B4900386B86 /* Build configuration list for PBXProject "Keylapp" */;
			compatibilityVersion = "Xcode 14.0";
			developmentRegion = en;
			hasScannedForEncodings = 0;
			knownRegions = (
				en,
				Base,
			);
			mainGroup = 075D54242BF27B4900386B86;
			productRefGroup = 075D542E2BF27B4900386B86 /* Products */;
			projectDirPath = "";
			projectRoot = "";
			targets = (
				075D542C2BF27B4900386B86 /* Keylapp */,
				075D543C2BF27B4D00386B86 /* KeylappTests */,
				075D54462BF27B4D00386B86 /* KeylappUITests */,
			);
		};
/* End PBXProject section */

/* Begin PBXResourcesBuildPhase section */
		075D542B2BF27B4900386B86 /* Resources */ = {
			isa = PBXResourcesBuildPhase;
			buildActionMask = 2147483647;
			files = (
				075D54382BF27B4D00386B86 /* Preview Assets.xcassets in Resources */,
				8483576E2DC16A79009E604E /* KeyboardStats.json in Resources */,
				075D54352BF27B4D00386B86 /* Assets.xcassets in Resources */,
			);
			runOnlyForDeploymentPostprocessing = 0;
		};
		075D543B2BF27B4D00386B86 /* Resources */ = {
			isa = PBXResourcesBuildPhase;
			buildActionMask = 2147483647;
			files = (
			);
			runOnlyForDeploymentPostprocessing = 0;
		};
		075D54452BF27B4D00386B86 /* Resources */ = {
			isa = PBXResourcesBuildPhase;
			buildActionMask = 2147483647;
			files = (
			);
			runOnlyForDeploymentPostprocessing = 0;
		};
/* End PBXResourcesBuildPhase section */

/* Begin PBXSourcesBuildPhase section */
		075D54292BF27B4900386B86 /* Sources */ = {
			isa = PBXSourcesBuildPhase;
			buildActionMask = 2147483647;
			files = (
				075D54692BF2982F00386B86 /* AppDelegate.swift in Sources */,
				075D54332BF27B4900386B86 /* ContentView.swift in Sources */,
				075D546D2BF2A4B800386B86 /* KeyboardLayoutData.swift in Sources */,
				075D54712BF2AC5800386B86 /* ViewRouter.swift in Sources */,
				0708F2422BF7F0E700A508E8 /* LayoutInfoView.swift in Sources */,
				075D546B2BF2985500386B86 /* SceneDelegate.swift in Sources */,
				075D54612BF28EF700386B86 /* LayoutDataManager.swift in Sources */,
				075D545D2BF2815000386B86 /* MainView.swift in Sources */,
				076EF6F32BF2BBB1003C62B0 /* OrientationViewController.swift in Sources */,
				076EF6F12BF2B9D3003C62B0 /* UIViewController.swift in Sources */,
				071361B42BF3C44800526B47 /* CarouselPicker.swift in Sources */,
				075D546F2BF2A66400386B86 /* KeyboardLayoutView.swift in Sources */,
				075D545F2BF28EB400386B86 /* KeyboardLayout.swift in Sources */,
				075D54672BF2916000386B86 /* KeyboardGridView.swift in Sources */,
				0708F2362BF62C0400A508E8 /* HelpView.swift in Sources */,
				0708F2382BF6668500A508E8 /* ActiveSheet.swift in Sources */,
				075D545B2BF27E9B00386B86 /* WelcomeView.swift in Sources */,
				0708F2442BF7F35400A508E8 /* KeyboardLayoutInfo.swift in Sources */,
				075D54312BF27B4900386B86 /* KeylappApp.swift in Sources */,
				071361B62BF3F20700526B47 /* ColorExtensions.swift in Sources */,
				07B845572BF55F4E0097A74C /* SoundManager.swift in Sources */,
			);
			runOnlyForDeploymentPostprocessing = 0;
		};
		075D54392BF27B4D00386B86 /* Sources */ = {
			isa = PBXSourcesBuildPhase;
			buildActionMask = 2147483647;
			files = (
				075D54422BF27B4D00386B86 /* KeylappTests.swift in Sources */,
			);
			runOnlyForDeploymentPostprocessing = 0;
		};
		075D54432BF27B4D00386B86 /* Sources */ = {
			isa = PBXSourcesBuildPhase;
			buildActionMask = 2147483647;
			files = (
				075D544C2BF27B4D00386B86 /* KeylappUITests.swift in Sources */,
				075D544E2BF27B4D00386B86 /* KeylappUITestsLaunchTests.swift in Sources */,
			);
			runOnlyForDeploymentPostprocessing = 0;
		};
/* End PBXSourcesBuildPhase section */

/* Begin PBXTargetDependency section */
		075D543F2BF27B4D00386B86 /* PBXTargetDependency */ = {
			isa = PBXTargetDependency;
			target = 075D542C2BF27B4900386B86 /* Keylapp */;
			targetProxy = 075D543E2BF27B4D00386B86 /* PBXContainerItemProxy */;
		};
		075D54492BF27B4D00386B86 /* PBXTargetDependency */ = {
			isa = PBXTargetDependency;
			target = 075D542C2BF27B4900386B86 /* Keylapp */;
			targetProxy = 075D54482BF27B4D00386B86 /* PBXContainerItemProxy */;
		};
/* End PBXTargetDependency section */

/* Begin XCBuildConfiguration section */
		075D544F2BF27B4D00386B86 /* Debug */ = {
			isa = XCBuildConfiguration;
			buildSettings = {
				ALWAYS_SEARCH_USER_PATHS = NO;
				ASSETCATALOG_COMPILER_GENERATE_SWIFT_ASSET_SYMBOL_EXTENSIONS = YES;
				CLANG_ANALYZER_NONNULL = YES;
				CLANG_ANALYZER_NUMBER_OBJECT_CONVERSION = YES_AGGRESSIVE;
				CLANG_CXX_LANGUAGE_STANDARD = "gnu++20";
				CLANG_ENABLE_MODULES = YES;
				CLANG_ENABLE_OBJC_ARC = YES;
				CLANG_ENABLE_OBJC_WEAK = YES;
				CLANG_WARN_BLOCK_CAPTURE_AUTORELEASING = YES;
				CLANG_WARN_BOOL_CONVERSION = YES;
				CLANG_WARN_COMMA = YES;
				CLANG_WARN_CONSTANT_CONVERSION = YES;
				CLANG_WARN_DEPRECATED_OBJC_IMPLEMENTATIONS = YES;
				CLANG_WARN_DIRECT_OBJC_ISA_USAGE = YES_ERROR;
				CLANG_WARN_DOCUMENTATION_COMMENTS = YES;
				CLANG_WARN_EMPTY_BODY = YES;
				CLANG_WARN_ENUM_CONVERSION = YES;
				CLANG_WARN_INFINITE_RECURSION = YES;
				CLANG_WARN_INT_CONVERSION = YES;
				CLANG_WARN_NON_LITERAL_NULL_CONVERSION = YES;
				CLANG_WARN_OBJC_IMPLICIT_RETAIN_SELF = YES;
				CLANG_WARN_OBJC_LITERAL_CONVERSION = YES;
				CLANG_WARN_OBJC_ROOT_CLASS = YES_ERROR;
				CLANG_WARN_QUOTED_INCLUDE_IN_FRAMEWORK_HEADER = YES;
				CLANG_WARN_RANGE_LOOP_ANALYSIS = YES;
				CLANG_WARN_STRICT_PROTOTYPES = YES;
				CLANG_WARN_SUSPICIOUS_MOVE = YES;
				CLANG_WARN_UNGUARDED_AVAILABILITY = YES_AGGRESSIVE;
				CLANG_WARN_UNREACHABLE_CODE = YES;
				CLANG_WARN__DUPLICATE_METHOD_MATCH = YES;
				COPY_PHASE_STRIP = NO;
				DEBUG_INFORMATION_FORMAT = dwarf;
				ENABLE_STRICT_OBJC_MSGSEND = YES;
				ENABLE_TESTABILITY = YES;
				ENABLE_USER_SCRIPT_SANDBOXING = YES;
				GCC_C_LANGUAGE_STANDARD = gnu17;
				GCC_DYNAMIC_NO_PIC = NO;
				GCC_NO_COMMON_BLOCKS = YES;
				GCC_OPTIMIZATION_LEVEL = 0;
				GCC_PREPROCESSOR_DEFINITIONS = (
					"DEBUG=1",
					"$(inherited)",
				);
				GCC_WARN_64_TO_32_BIT_CONVERSION = YES;
				GCC_WARN_ABOUT_RETURN_TYPE = YES_ERROR;
				GCC_WARN_UNDECLARED_SELECTOR = YES;
				GCC_WARN_UNINITIALIZED_AUTOS = YES_AGGRESSIVE;
				GCC_WARN_UNUSED_FUNCTION = YES;
				GCC_WARN_UNUSED_VARIABLE = YES;
				IPHONEOS_DEPLOYMENT_TARGET = 17.0;
				LOCALIZATION_PREFERS_STRING_CATALOGS = YES;
				MTL_ENABLE_DEBUG_INFO = INCLUDE_SOURCE;
				MTL_FAST_MATH = YES;
				ONLY_ACTIVE_ARCH = YES;
				SDKROOT = iphoneos;
				SWIFT_ACTIVE_COMPILATION_CONDITIONS = "DEBUG $(inherited)";
				SWIFT_OPTIMIZATION_LEVEL = "-Onone";
			};
			name = Debug;
		};
		075D54502BF27B4D00386B86 /* Release */ = {
			isa = XCBuildConfiguration;
			buildSettings = {
				ALWAYS_SEARCH_USER_PATHS = NO;
				ASSETCATALOG_COMPILER_GENERATE_SWIFT_ASSET_SYMBOL_EXTENSIONS = YES;
				CLANG_ANALYZER_NONNULL = YES;
				CLANG_ANALYZER_NUMBER_OBJECT_CONVERSION = YES_AGGRESSIVE;
				CLANG_CXX_LANGUAGE_STANDARD = "gnu++20";
				CLANG_ENABLE_MODULES = YES;
				CLANG_ENABLE_OBJC_ARC = YES;
				CLANG_ENABLE_OBJC_WEAK = YES;
				CLANG_WARN_BLOCK_CAPTURE_AUTORELEASING = YES;
				CLANG_WARN_BOOL_CONVERSION = YES;
				CLANG_WARN_COMMA = YES;
				CLANG_WARN_CONSTANT_CONVERSION = YES;
				CLANG_WARN_DEPRECATED_OBJC_IMPLEMENTATIONS = YES;
				CLANG_WARN_DIRECT_OBJC_ISA_USAGE = YES_ERROR;
				CLANG_WARN_DOCUMENTATION_COMMENTS = YES;
				CLANG_WARN_EMPTY_BODY = YES;
				CLANG_WARN_ENUM_CONVERSION = YES;
				CLANG_WARN_INFINITE_RECURSION = YES;
				CLANG_WARN_INT_CONVERSION = YES;
				CLANG_WARN_NON_LITERAL_NULL_CONVERSION = YES;
				CLANG_WARN_OBJC_IMPLICIT_RETAIN_SELF = YES;
				CLANG_WARN_OBJC_LITERAL_CONVERSION = YES;
				CLANG_WARN_OBJC_ROOT_CLASS = YES_ERROR;
				CLANG_WARN_QUOTED_INCLUDE_IN_FRAMEWORK_HEADER = YES;
				CLANG_WARN_RANGE_LOOP_ANALYSIS = YES;
				CLANG_WARN_STRICT_PROTOTYPES = YES;
				CLANG_WARN_SUSPICIOUS_MOVE = YES;
				CLANG_WARN_UNGUARDED_AVAILABILITY = YES_AGGRESSIVE;
				CLANG_WARN_UNREACHABLE_CODE = YES;
				CLANG_WARN__DUPLICATE_METHOD_MATCH = YES;
				COPY_PHASE_STRIP = NO;
				DEBUG_INFORMATION_FORMAT = "dwarf-with-dsym";
				ENABLE_NS_ASSERTIONS = NO;
				ENABLE_STRICT_OBJC_MSGSEND = YES;
				ENABLE_USER_SCRIPT_SANDBOXING = YES;
				GCC_C_LANGUAGE_STANDARD = gnu17;
				GCC_NO_COMMON_BLOCKS = YES;
				GCC_WARN_64_TO_32_BIT_CONVERSION = YES;
				GCC_WARN_ABOUT_RETURN_TYPE = YES_ERROR;
				GCC_WARN_UNDECLARED_SELECTOR = YES;
				GCC_WARN_UNINITIALIZED_AUTOS = YES_AGGRESSIVE;
				GCC_WARN_UNUSED_FUNCTION = YES;
				GCC_WARN_UNUSED_VARIABLE = YES;
				IPHONEOS_DEPLOYMENT_TARGET = 17.0;
				LOCALIZATION_PREFERS_STRING_CATALOGS = YES;
				MTL_ENABLE_DEBUG_INFO = NO;
				MTL_FAST_MATH = YES;
				SDKROOT = iphoneos;
				SWIFT_COMPILATION_MODE = wholemodule;
				VALIDATE_PRODUCT = YES;
			};
			name = Release;
		};
		075D54522BF27B4D00386B86 /* Debug */ = {
			isa = XCBuildConfiguration;
			buildSettings = {
				ASSETCATALOG_COMPILER_APPICON_NAME = AppIcon;
				ASSETCATALOG_COMPILER_GLOBAL_ACCENT_COLOR_NAME = AccentColor;
				CODE_SIGN_STYLE = Automatic;
				CURRENT_PROJECT_VERSION = 1;
				DEVELOPMENT_ASSET_PATHS = "\"Keylapp/Preview Content\"";
				DEVELOPMENT_TEAM = 8TC5J5KMXE;
				ENABLE_PREVIEWS = YES;
				GENERATE_INFOPLIST_FILE = YES;
				INFOPLIST_KEY_CFBundleDisplayName = Keylapp;
				INFOPLIST_KEY_LSApplicationCategoryType = "public.app-category.education";
				INFOPLIST_KEY_UIApplicationSceneManifest_Generation = YES;
				INFOPLIST_KEY_UIApplicationSupportsIndirectInputEvents = YES;
				INFOPLIST_KEY_UILaunchScreen_Generation = YES;
				INFOPLIST_KEY_UISupportedInterfaceOrientations = "UIInterfaceOrientationLandscapeLeft UIInterfaceOrientationLandscapeRight";
				INFOPLIST_KEY_UISupportedInterfaceOrientations_iPad = "UIInterfaceOrientationLandscapeLeft UIInterfaceOrientationLandscapeRight UIInterfaceOrientationPortrait UIInterfaceOrientationPortraitUpsideDown";
				LD_RUNPATH_SEARCH_PATHS = (
					"$(inherited)",
					"@executable_path/Frameworks",
				);
				MARKETING_VERSION = 1.1;
				PRODUCT_BUNDLE_IDENTIFIER = com.etaosin.Keylapp;
				PRODUCT_NAME = "$(TARGET_NAME)";
				SWIFT_EMIT_LOC_STRINGS = YES;
				SWIFT_VERSION = 5.0;
				TARGETED_DEVICE_FAMILY = "1,2";
			};
			name = Debug;
		};
		075D54532BF27B4D00386B86 /* Release */ = {
			isa = XCBuildConfiguration;
			buildSettings = {
				ASSETCATALOG_COMPILER_APPICON_NAME = AppIcon;
				ASSETCATALOG_COMPILER_GLOBAL_ACCENT_COLOR_NAME = AccentColor;
				CODE_SIGN_STYLE = Automatic;
				CURRENT_PROJECT_VERSION = 1;
				DEVELOPMENT_ASSET_PATHS = "\"Keylapp/Preview Content\"";
				DEVELOPMENT_TEAM = 8TC5J5KMXE;
				ENABLE_PREVIEWS = YES;
				GENERATE_INFOPLIST_FILE = YES;
				INFOPLIST_KEY_CFBundleDisplayName = Keylapp;
				INFOPLIST_KEY_LSApplicationCategoryType = "public.app-category.education";
				INFOPLIST_KEY_UIApplicationSceneManifest_Generation = YES;
				INFOPLIST_KEY_UIApplicationSupportsIndirectInputEvents = YES;
				INFOPLIST_KEY_UILaunchScreen_Generation = YES;
				INFOPLIST_KEY_UISupportedInterfaceOrientations = "UIInterfaceOrientationLandscapeLeft UIInterfaceOrientationLandscapeRight";
				INFOPLIST_KEY_UISupportedInterfaceOrientations_iPad = "UIInterfaceOrientationLandscapeLeft UIInterfaceOrientationLandscapeRight UIInterfaceOrientationPortrait UIInterfaceOrientationPortraitUpsideDown";
				LD_RUNPATH_SEARCH_PATHS = (
					"$(inherited)",
					"@executable_path/Frameworks",
				);
				MARKETING_VERSION = 1.1;
				PRODUCT_BUNDLE_IDENTIFIER = com.etaosin.Keylapp;
				PRODUCT_NAME = "$(TARGET_NAME)";
				SWIFT_EMIT_LOC_STRINGS = YES;
				SWIFT_VERSION = 5.0;
				TARGETED_DEVICE_FAMILY = "1,2";
			};
			name = Release;
		};
		075D54552BF27B4D00386B86 /* Debug */ = {
			isa = XCBuildConfiguration;
			buildSettings = {
				BUNDLE_LOADER = "$(TEST_HOST)";
				CODE_SIGN_STYLE = Automatic;
				CURRENT_PROJECT_VERSION = 1;
				DEVELOPMENT_TEAM = 8TC5J5KMXE;
				GENERATE_INFOPLIST_FILE = YES;
				IPHONEOS_DEPLOYMENT_TARGET = 17.0;
				MARKETING_VERSION = 1.0;
				PRODUCT_BUNDLE_IDENTIFIER = com.etaosin.KeylappTests;
				PRODUCT_NAME = "$(TARGET_NAME)";
				SWIFT_EMIT_LOC_STRINGS = NO;
				SWIFT_VERSION = 5.0;
				TARGETED_DEVICE_FAMILY = "1,2";
				TEST_HOST = "$(BUILT_PRODUCTS_DIR)/Keylapp.app/$(BUNDLE_EXECUTABLE_FOLDER_PATH)/Keylapp";
			};
			name = Debug;
		};
		075D54562BF27B4D00386B86 /* Release */ = {
			isa = XCBuildConfiguration;
			buildSettings = {
				BUNDLE_LOADER = "$(TEST_HOST)";
				CODE_SIGN_STYLE = Automatic;
				CURRENT_PROJECT_VERSION = 1;
				DEVELOPMENT_TEAM = 8TC5J5KMXE;
				GENERATE_INFOPLIST_FILE = YES;
				IPHONEOS_DEPLOYMENT_TARGET = 17.0;
				MARKETING_VERSION = 1.0;
				PRODUCT_BUNDLE_IDENTIFIER = com.etaosin.KeylappTests;
				PRODUCT_NAME = "$(TARGET_NAME)";
				SWIFT_EMIT_LOC_STRINGS = NO;
				SWIFT_VERSION = 5.0;
				TARGETED_DEVICE_FAMILY = "1,2";
				TEST_HOST = "$(BUILT_PRODUCTS_DIR)/Keylapp.app/$(BUNDLE_EXECUTABLE_FOLDER_PATH)/Keylapp";
			};
			name = Release;
		};
		075D54582BF27B4D00386B86 /* Debug */ = {
			isa = XCBuildConfiguration;
			buildSettings = {
				CODE_SIGN_STYLE = Automatic;
				CURRENT_PROJECT_VERSION = 1;
				DEVELOPMENT_TEAM = 8TC5J5KMXE;
				GENERATE_INFOPLIST_FILE = YES;
				MARKETING_VERSION = 1.0;
				PRODUCT_BUNDLE_IDENTIFIER = com.etaosin.KeylappUITests;
				PRODUCT_NAME = "$(TARGET_NAME)";
				SWIFT_EMIT_LOC_STRINGS = NO;
				SWIFT_VERSION = 5.0;
				TARGETED_DEVICE_FAMILY = "1,2";
				TEST_TARGET_NAME = Keylapp;
			};
			name = Debug;
		};
		075D54592BF27B4D00386B86 /* Release */ = {
			isa = XCBuildConfiguration;
			buildSettings = {
				CODE_SIGN_STYLE = Automatic;
				CURRENT_PROJECT_VERSION = 1;
				DEVELOPMENT_TEAM = 8TC5J5KMXE;
				GENERATE_INFOPLIST_FILE = YES;
				MARKETING_VERSION = 1.0;
				PRODUCT_BUNDLE_IDENTIFIER = com.etaosin.KeylappUITests;
				PRODUCT_NAME = "$(TARGET_NAME)";
				SWIFT_EMIT_LOC_STRINGS = NO;
				SWIFT_VERSION = 5.0;
				TARGETED_DEVICE_FAMILY = "1,2";
				TEST_TARGET_NAME = Keylapp;
			};
			name = Release;
		};
/* End XCBuildConfiguration section */

/* Begin XCConfigurationList section */
		075D54282BF27B4900386B86 /* Build configuration list for PBXProject "Keylapp" */ = {
			isa = XCConfigurationList;
			buildConfigurations = (
				075D544F2BF27B4D00386B86 /* Debug */,
				075D54502BF27B4D00386B86 /* Release */,
			);
			defaultConfigurationIsVisible = 0;
			defaultConfigurationName = Release;
		};
		075D54512BF27B4D00386B86 /* Build configuration list for PBXNativeTarget "Keylapp" */ = {
			isa = XCConfigurationList;
			buildConfigurations = (
				075D54522BF27B4D00386B86 /* Debug */,
				075D54532BF27B4D00386B86 /* Release */,
			);
			defaultConfigurationIsVisible = 0;
			defaultConfigurationName = Release;
		};
		075D54542BF27B4D00386B86 /* Build configuration list for PBXNativeTarget "KeylappTests" */ = {
			isa = XCConfigurationList;
			buildConfigurations = (
				075D54552BF27B4D00386B86 /* Debug */,
				075D54562BF27B4D00386B86 /* Release */,
			);
			defaultConfigurationIsVisible = 0;
			defaultConfigurationName = Release;
		};
		075D54572BF27B4D00386B86 /* Build configuration list for PBXNativeTarget "KeylappUITests" */ = {
			isa = XCConfigurationList;
			buildConfigurations = (
				075D54582BF27B4D00386B86 /* Debug */,
				075D54592BF27B4D00386B86 /* Release */,
			);
			defaultConfigurationIsVisible = 0;
			defaultConfigurationName = Release;
		};
/* End XCConfigurationList section */
	};
	rootObject = 075D54252BF27B4900386B86 /* Project object */;
}
